
Microsoft Visual Studio Solution File, Format Version 12.00
# Visual Studio Version 16
VisualStudioVersion = 16.0.32106.194
MinimumVisualStudioVersion = 10.0.40219.1
Project("{FAE04EC0-301F-11D3-BF4B-00C04F79EFBC}") = "fbc_webapi", "fbc_webapi\fbc_webapi.csproj", "{AF17755C-4609-4E31-973E-177349367E28}"
EndProject
Project("{2150E333-8FDC-42A3-9474-1A3956D46DE8}") = "Solution Items", "Solution Items", "{39157819-EE23-409D-93D2-56E37F65D26A}"
	ProjectSection(SolutionItems) = preProject
		.editorconfig = .editorconfig
		readme.txt = readme.txt
	EndProjectSection
EndProject
Global
	GlobalSection(SolutionConfigurationPlatforms) = preSolution
		Debug|Any CPU = Debug|Any CPU
		Release|Any CPU = Release|Any CPU
	EndGlobalSection
	GlobalSection(ProjectConfigurationPlatforms) = postSolution
		{AF17755C-4609-4E31-973E-177349367E28}.Debug|Any CPU.ActiveCfg = Debug|Any CPU
		{AF17755C-4609-4E31-973E-177349367E28}.Debug|Any CPU.Build.0 = Debug|Any CPU
		{AF17755C-4609-4E31-973E-177349367E28}.Release|Any CPU.ActiveCfg = Release|Any CPU
		{AF17755C-4609-4E31-973E-177349367E28}.Release|Any CPU.Build.0 = Release|Any CPU
	EndGlobalSection
	GlobalSection(SolutionProperties) = preSolution
		HideSolutionNode = FALSE
	EndGlobalSection
	GlobalSection(ExtensibilityGlobals) = postSolution
		SolutionGuid = {8484F801-225E-4045-BBB3-20276F5AB7B7}
	EndGlobalSection
EndGlobal
